{
  "name": "cm-chessboard-game-of-chess",
  "version": "1.0.0",
  "lockfileVersion": 3,
  "requires": true,
  "packages": {
    "": {
      "name": "cm-chessboard-game-of-chess",
      "version": "1.0.0",
      "license": "MIT",
      "dependencies": {
        "cm-chess": "^3.2.2",
        "cm-chessboard": "^7.6.4",
        "cm-web-modules": "^2.0.0"
      }
    },
    "node_modules/chess.mjs": {
      "version": "1.4.0",
      "resolved": "https://registry.npmjs.org/chess.mjs/-/chess.mjs-1.4.0.tgz",
      "integrity": "sha512-TxbpfE4BvRMteIWEy9j1wsR/UwYqGekmZFDcPrKjaqHbmeRwQOv5sribu6PE6nO/69uTxld0nfX7Ra0XA03j4Q=="
    },
    "node_modules/cm-chess": {
      "version": "3.2.2",
      "resolved": "https://registry.npmjs.org/cm-chess/-/cm-chess-3.2.2.tgz",
      "integrity": "sha512-8nDzEnFosAHge6JsSj72q+bPdPZj2lw6b1etCT50Hi9bOi1uGQ0nO2w2c3SWWbSjYNy0rbmKmCNKH5jH+jfUcg==",
      "dependencies": {
        "chess.mjs": "^1.4.0",
        "cm-pgn": "3.2.1"
      }
    },
    "node_modules/cm-chessboard": {
      "version": "7.6.4",
      "resolved": "https://registry.npmjs.org/cm-chessboard/-/cm-chessboard-7.6.4.tgz",
      "integrity": "sha512-esOLh7JAnQMbtd1oHN5WTjuvEWU9pAXrKrC+NJgIki1rIqqafyj7cTS1riu40dYHnsQfKLCH3zELZJ4u8ayFZg=="
    },
    "node_modules/cm-pgn": {
      "version": "3.2.1",
      "resolved": "https://registry.npmjs.org/cm-pgn/-/cm-pgn-3.2.1.tgz",
      "integrity": "sha512-XKSqQlDFgtenQN0k3cyQEGYjD8SCwoqcHABRJBNrgdnRlcoyvXHXPR0eLWitX8EjEYp+l3Gy2I4OSg62/Eep3w==",
      "dependencies": {
        "chess.mjs": "^1.4.0"
      }
    },
    "node_modules/cm-web-modules": {
      "version": "2.0.0",
      "resolved": "https://registry.npmjs.org/cm-web-modules/-/cm-web-modules-2.0.0.tgz",
      "integrity": "sha512-xibGo73nFA6JfTjXFZSr2Tr0n51xW2t7TLpzVgN9GykSgF4eZQ4WnFqdbtPv53BF3r+RicREAQEmD12JfEAI1w=="
    }
  }
}
