{
  "name": "cm-chessboard-game-of-chess",
  "version": "1.0.0",
  "lockfileVersion": 3,
  "requires": true,
  "packages": {
    "": {
      "name": "cm-chessboard-game-of-chess",
      "version": "1.0.0",
      "license": "MIT",
      "dependencies": {
        "cm-chess": "^3.2.0",
        "cm-chessboard": "^7.6.3",
        "cm-web-modules": "^2.0.0"
      }
    },
    "node_modules/chess.mjs": {
      "version": "1.4.0",
      "resolved": "https://registry.npmjs.org/chess.mjs/-/chess.mjs-1.4.0.tgz",
      "integrity": "sha512-TxbpfE4BvRMteIWEy9j1wsR/UwYqGekmZFDcPrKjaqHbmeRwQOv5sribu6PE6nO/69uTxld0nfX7Ra0XA03j4Q=="
    },
    "node_modules/cm-chess": {
      "version": "3.2.0",
      "resolved": "https://registry.npmjs.org/cm-chess/-/cm-chess-3.2.0.tgz",
      "integrity": "sha512-2lHffWlrJ2dFegzgQGujGpzhVD18CsX1LoH7KJacdTyxlk61PpBR7Qy8KTi1M12jLwJwCHCs7QPVmyQ6HBFlfw==",
      "dependencies": {
        "chess.mjs": "^1.4.0",
        "cm-pgn": "3.2.1",
        "import-node-modules": "^1.0.6"
      }
    },
    "node_modules/cm-chessboard": {
      "version": "7.6.3",
      "resolved": "https://registry.npmjs.org/cm-chessboard/-/cm-chessboard-7.6.3.tgz",
      "integrity": "sha512-qfAQpBqsilzG07PFA0P83T61YZe+la+GUwy6rbc/39UJ0rU78KmYIGxWMVoCoRsW0WLCSSna4nG3SJp5jO+Xcw=="
    },
    "node_modules/cm-pgn": {
      "version": "3.2.1",
      "resolved": "https://registry.npmjs.org/cm-pgn/-/cm-pgn-3.2.1.tgz",
      "integrity": "sha512-XKSqQlDFgtenQN0k3cyQEGYjD8SCwoqcHABRJBNrgdnRlcoyvXHXPR0eLWitX8EjEYp+l3Gy2I4OSg62/Eep3w==",
      "dependencies": {
        "chess.mjs": "^1.4.0"
      }
    },
    "node_modules/cm-web-modules": {
      "version": "2.0.0",
      "resolved": "https://registry.npmjs.org/cm-web-modules/-/cm-web-modules-2.0.0.tgz",
      "integrity": "sha512-xibGo73nFA6JfTjXFZSr2Tr0n51xW2t7TLpzVgN9GykSgF4eZQ4WnFqdbtPv53BF3r+RicREAQEmD12JfEAI1w=="
    },
    "node_modules/import-node-modules": {
      "version": "1.0.6",
      "resolved": "https://registry.npmjs.org/import-node-modules/-/import-node-modules-1.0.6.tgz",
      "integrity": "sha512-p0kDs6F7E+Wn6BbU3HZRvqjKqWe0O2ngOgnOmZSVb/M1jagNt4dH+9B8fqsCHYMsaxMUb2xaS0NOAhpeEOIy/g=="
    }
  }
}
