{
  "name": "cm-chessboard-game-of-chess",
  "version": "1.0.0",
  "lockfileVersion": 3,
  "requires": true,
  "packages": {
    "": {
      "name": "cm-chessboard-game-of-chess",
      "version": "1.0.0",
      "license": "MIT",
      "dependencies": {
        "cm-chess": "^3.0.1",
        "cm-chessboard": "^7.4.3",
        "node-modules-url": "^1.0.3"
      }
    },
    "node_modules/chess.mjs": {
      "version": "1.4.0",
      "resolved": "https://registry.npmjs.org/chess.mjs/-/chess.mjs-1.4.0.tgz",
      "integrity": "sha512-TxbpfE4BvRMteIWEy9j1wsR/UwYqGekmZFDcPrKjaqHbmeRwQOv5sribu6PE6nO/69uTxld0nfX7Ra0XA03j4Q=="
    },
    "node_modules/cm-chess": {
      "version": "3.0.1",
      "resolved": "https://registry.npmjs.org/cm-chess/-/cm-chess-3.0.1.tgz",
      "integrity": "sha512-YwhNfXkIQ3V8OiNufWNTI1vxZFH03C1gfqpeANnkkpyn8TGCMjT7CsY30/atFACGIk3TonOG8baDMV+27FHivg==",
      "dependencies": {
        "chess.mjs": "^1.4.0",
        "cm-pgn": "3.1.3",
        "node-modules-url": "^1.0.3"
      }
    },
    "node_modules/cm-chessboard": {
      "version": "7.4.3",
      "resolved": "https://registry.npmjs.org/cm-chessboard/-/cm-chessboard-7.4.3.tgz",
      "integrity": "sha512-ExzNcVMoKStBFKo3tZUHaKQy48Cv3bAdQgRjKRUlF4+DlSuM/wLgPNau0kfaSPn+D1O5BiZhozz2jsy7zX/Eyg=="
    },
    "node_modules/cm-pgn": {
      "version": "3.1.3",
      "resolved": "https://registry.npmjs.org/cm-pgn/-/cm-pgn-3.1.3.tgz",
      "integrity": "sha512-CbR8qkIfdnMV0pQ9qFFvM/4qbzjl4TfjBMF5PyTG4lQl/fDXY9UXTGOEqnlUN8/KejI1tJ8Dw4JewBhJ5uiDcg==",
      "dependencies": {
        "chess.mjs": "^1.4.0",
        "node-modules-url": "^1.0.3"
      }
    },
    "node_modules/node-modules-url": {
      "version": "1.0.3",
      "resolved": "https://registry.npmjs.org/node-modules-url/-/node-modules-url-1.0.3.tgz",
      "integrity": "sha512-jyxarHlmWSgdtqDIUezmNEJfgELT1z78Mw9oHE3mcW8Kduiimrn1jaONKXsm01Sa7KWDcZuahC2RMP2fPWcU6w=="
    }
  }
}
